
Microsoft Visual Studio Solution File, Format Version 12.00
# Visual Studio Version 17
VisualStudioVersion = 17.11.35219.272
MinimumVisualStudioVersion = 10.0.40219.1
Project("{FAE04EC0-301F-11D3-BF4B-00C04F79EFBC}") = "Proyecto meses (métodos y funciones)", "Proyecto meses (métodos y funciones)\Proyecto meses (métodos y funciones).csproj", "{5DCD21DD-9201-4FED-BBAB-42FF41DFB93C}"
EndProject
Global
	GlobalSection(SolutionConfigurationPlatforms) = preSolution
		Debug|Any CPU = Debug|Any CPU
		Release|Any CPU = Release|Any CPU
	EndGlobalSection
	GlobalSection(ProjectConfigurationPlatforms) = postSolution
		{5DCD21DD-9201-4FED-BBAB-42FF41DFB93C}.Debug|Any CPU.ActiveCfg = Debug|Any CPU
		{5DCD21DD-9201-4FED-BBAB-42FF41DFB93C}.Debug|Any CPU.Build.0 = Debug|Any CPU
		{5DCD21DD-9201-4FED-BBAB-42FF41DFB93C}.Release|Any CPU.ActiveCfg = Release|Any CPU
		{5DCD21DD-9201-4FED-BBAB-42FF41DFB93C}.Release|Any CPU.Build.0 = Release|Any CPU
	EndGlobalSection
	GlobalSection(SolutionProperties) = preSolution
		HideSolutionNode = FALSE
	EndGlobalSection
	GlobalSection(ExtensibilityGlobals) = postSolution
		SolutionGuid = {FB168F42-E506-4D82-878D-5E6FC6B0FB48}
	EndGlobalSection
EndGlobal
